
Microsoft Visual Studio Solution File, Format Version 12.00
# Visual Studio Version 16
VisualStudioVersion = 16.0.30114.105
MinimumVisualStudioVersion = 10.0.40219.1
Project("{FAE04EC0-301F-11D3-BF4B-00C04F79EFBC}") = "MSBuildTest2", "MSBuildTest2\MSBuildTest2.csproj", "{A40A649C-F6B9-4F8A-9CE7-C4BB8CD6D52C}"
EndProject
Project("{FAE04EC0-301F-11D3-BF4B-00C04F79EFBC}") = "LibXy", "LibXy\LibXy.csproj", "{A4DB95A7-2A14-432C-AD0F-62765D332E2C}"
EndProject
Global
	GlobalSection(SolutionConfigurationPlatforms) = preSolution
		Debug|Any CPU = Debug|Any CPU
		Release|Any CPU = Release|Any CPU
	EndGlobalSection
	GlobalSection(ProjectConfigurationPlatforms) = postSolution
		{A40A649C-F6B9-4F8A-9CE7-C4BB8CD6D52C}.Debug|Any CPU.ActiveCfg = Debug|Any CPU
		{A40A649C-F6B9-4F8A-9CE7-C4BB8CD6D52C}.Debug|Any CPU.Build.0 = Debug|Any CPU
		{A40A649C-F6B9-4F8A-9CE7-C4BB8CD6D52C}.Release|Any CPU.ActiveCfg = Release|Any CPU
		{A40A649C-F6B9-4F8A-9CE7-C4BB8CD6D52C}.Release|Any CPU.Build.0 = Release|Any CPU
		{A4DB95A7-2A14-432C-AD0F-62765D332E2C}.Debug|Any CPU.ActiveCfg = Debug|Any CPU
		{A4DB95A7-2A14-432C-AD0F-62765D332E2C}.Debug|Any CPU.Build.0 = Debug|Any CPU
		{A4DB95A7-2A14-432C-AD0F-62765D332E2C}.Release|Any CPU.ActiveCfg = Release|Any CPU
		{A4DB95A7-2A14-432C-AD0F-62765D332E2C}.Release|Any CPU.Build.0 = Release|Any CPU
	EndGlobalSection
	GlobalSection(SolutionProperties) = preSolution
		HideSolutionNode = FALSE
	EndGlobalSection
	GlobalSection(ExtensibilityGlobals) = postSolution
		SolutionGuid = {30D15E71-121B-4DE4-826F-ADF523459672}
	EndGlobalSection
EndGlobal
